
Microsoft Visual Studio Solution File, Format Version 12.00
# Visual Studio Version 17
VisualStudioVersion = 17.9.34728.123
MinimumVisualStudioVersion = 10.0.40219.1
Project("{FAE04EC0-301F-11D3-BF4B-00C04F79EFBC}") = "SQLViewer", "SQLViewer\SQLViewer.csproj", "{0B47E39B-F343-452E-9185-9679F3499ADE}"
EndProject
Global
	GlobalSection(SolutionConfigurationPlatforms) = preSolution
		Debug|Any CPU = Debug|Any CPU
		Release|Any CPU = Release|Any CPU
	EndGlobalSection
	GlobalSection(ProjectConfigurationPlatforms) = postSolution
		{0B47E39B-F343-452E-9185-9679F3499ADE}.Debug|Any CPU.ActiveCfg = Debug|Any CPU
		{0B47E39B-F343-452E-9185-9679F3499ADE}.Debug|Any CPU.Build.0 = Debug|Any CPU
		{0B47E39B-F343-452E-9185-9679F3499ADE}.Release|Any CPU.ActiveCfg = Release|Any CPU
		{0B47E39B-F343-452E-9185-9679F3499ADE}.Release|Any CPU.Build.0 = Release|Any CPU
	EndGlobalSection
	GlobalSection(SolutionProperties) = preSolution
		HideSolutionNode = FALSE
	EndGlobalSection
	GlobalSection(ExtensibilityGlobals) = postSolution
		SolutionGuid = {8594B985-4A02-47A2-8E34-87A7BF022D6C}
	EndGlobalSection
EndGlobal
